
Microsoft Visual Studio Solution File, Format Version 12.00
# Visual Studio Version 16
VisualStudioVersion = 16.0.29613.14
MinimumVisualStudioVersion = 10.0.40219.1
Project("{FAE04EC0-301F-11D3-BF4B-00C04F79EFBC}") = "GUI", "ManoProjektas\GUI.csproj", "{F239FB25-9FCD-4FEC-B5AF-D77D6D2FFF65}"
EndProject
Project("{9A19103F-16F7-4668-BE54-9A1E7A4F7556}") = "Provider", "BibliotekaTEST\Provider.csproj", "{4C7A80F1-A965-4046-B58E-7E600826E86E}"
EndProject
Project("{FAE04EC0-301F-11D3-BF4B-00C04F79EFBC}") = "ProjectTests", "ProjectTests\ProjectTests.csproj", "{09391ADA-1555-462B-BDE0-AAADDA071DCA}"
EndProject
Global
	GlobalSection(SolutionConfigurationPlatforms) = preSolution
		Debug|Any CPU = Debug|Any CPU
		Release|Any CPU = Release|Any CPU
	EndGlobalSection
	GlobalSection(ProjectConfigurationPlatforms) = postSolution
		{F239FB25-9FCD-4FEC-B5AF-D77D6D2FFF65}.Debug|Any CPU.ActiveCfg = Debug|Any CPU
		{F239FB25-9FCD-4FEC-B5AF-D77D6D2FFF65}.Debug|Any CPU.Build.0 = Debug|Any CPU
		{F239FB25-9FCD-4FEC-B5AF-D77D6D2FFF65}.Release|Any CPU.ActiveCfg = Release|Any CPU
		{F239FB25-9FCD-4FEC-B5AF-D77D6D2FFF65}.Release|Any CPU.Build.0 = Release|Any CPU
		{4C7A80F1-A965-4046-B58E-7E600826E86E}.Debug|Any CPU.ActiveCfg = Debug|Any CPU
		{4C7A80F1-A965-4046-B58E-7E600826E86E}.Debug|Any CPU.Build.0 = Debug|Any CPU
		{4C7A80F1-A965-4046-B58E-7E600826E86E}.Release|Any CPU.ActiveCfg = Release|Any CPU
		{4C7A80F1-A965-4046-B58E-7E600826E86E}.Release|Any CPU.Build.0 = Release|Any CPU
		{09391ADA-1555-462B-BDE0-AAADDA071DCA}.Debug|Any CPU.ActiveCfg = Debug|Any CPU
		{09391ADA-1555-462B-BDE0-AAADDA071DCA}.Debug|Any CPU.Build.0 = Debug|Any CPU
		{09391ADA-1555-462B-BDE0-AAADDA071DCA}.Release|Any CPU.ActiveCfg = Release|Any CPU
		{09391ADA-1555-462B-BDE0-AAADDA071DCA}.Release|Any CPU.Build.0 = Release|Any CPU
	EndGlobalSection
	GlobalSection(SolutionProperties) = preSolution
		HideSolutionNode = FALSE
	EndGlobalSection
	GlobalSection(ExtensibilityGlobals) = postSolution
		SolutionGuid = {7AEE066A-2F9B-4933-B3AE-32AFAE632B7D}
	EndGlobalSection
EndGlobal
